
Microsoft Visual Studio Solution File, Format Version 12.00
# Visual Studio Version 17
VisualStudioVersion = 17.6.33829.357
MinimumVisualStudioVersion = 10.0.40219.1
Project("{9A19103F-16F7-4668-BE54-9A1E7A4F7556}") = "SistemaInventario", "SistemaInventario\SistemaInventario.csproj", "{66DE1B31-F354-4F6A-AEE1-DD5493AD8862}"
EndProject
Project("{FAE04EC0-301F-11D3-BF4B-00C04F79EFBC}") = "SistemaInventario.AccesoDatos", "SistemaInventario.AccesoDatos\SistemaInventario.AccesoDatos.csproj", "{4C98252A-0514-43C8-A7B2-57EBA67384FB}"
EndProject
Project("{FAE04EC0-301F-11D3-BF4B-00C04F79EFBC}") = "SistemaInventario.Modelos", "SistemaInventario.Modelos\SistemaInventario.Modelos.csproj", "{D40CBF53-CD38-4CF0-AE45-92235254E959}"
EndProject
Project("{FAE04EC0-301F-11D3-BF4B-00C04F79EFBC}") = "SistemaInventario.Utilidades", "SistemaInventario.Utilidades\SistemaInventario.Utilidades.csproj", "{1D7057D1-6C86-461F-8D01-511BA357674F}"
EndProject
Global
	GlobalSection(SolutionConfigurationPlatforms) = preSolution
		Debug|Any CPU = Debug|Any CPU
		Release|Any CPU = Release|Any CPU
	EndGlobalSection
	GlobalSection(ProjectConfigurationPlatforms) = postSolution
		{66DE1B31-F354-4F6A-AEE1-DD5493AD8862}.Debug|Any CPU.ActiveCfg = Debug|Any CPU
		{66DE1B31-F354-4F6A-AEE1-DD5493AD8862}.Debug|Any CPU.Build.0 = Debug|Any CPU
		{66DE1B31-F354-4F6A-AEE1-DD5493AD8862}.Release|Any CPU.ActiveCfg = Release|Any CPU
		{66DE1B31-F354-4F6A-AEE1-DD5493AD8862}.Release|Any CPU.Build.0 = Release|Any CPU
		{4C98252A-0514-43C8-A7B2-57EBA67384FB}.Debug|Any CPU.ActiveCfg = Debug|Any CPU
		{4C98252A-0514-43C8-A7B2-57EBA67384FB}.Debug|Any CPU.Build.0 = Debug|Any CPU
		{4C98252A-0514-43C8-A7B2-57EBA67384FB}.Release|Any CPU.ActiveCfg = Release|Any CPU
		{4C98252A-0514-43C8-A7B2-57EBA67384FB}.Release|Any CPU.Build.0 = Release|Any CPU
		{D40CBF53-CD38-4CF0-AE45-92235254E959}.Debug|Any CPU.ActiveCfg = Debug|Any CPU
		{D40CBF53-CD38-4CF0-AE45-92235254E959}.Debug|Any CPU.Build.0 = Debug|Any CPU
		{D40CBF53-CD38-4CF0-AE45-92235254E959}.Release|Any CPU.ActiveCfg = Release|Any CPU
		{D40CBF53-CD38-4CF0-AE45-92235254E959}.Release|Any CPU.Build.0 = Release|Any CPU
		{1D7057D1-6C86-461F-8D01-511BA357674F}.Debug|Any CPU.ActiveCfg = Debug|Any CPU
		{1D7057D1-6C86-461F-8D01-511BA357674F}.Debug|Any CPU.Build.0 = Debug|Any CPU
		{1D7057D1-6C86-461F-8D01-511BA357674F}.Release|Any CPU.ActiveCfg = Release|Any CPU
		{1D7057D1-6C86-461F-8D01-511BA357674F}.Release|Any CPU.Build.0 = Release|Any CPU
	EndGlobalSection
	GlobalSection(SolutionProperties) = preSolution
		HideSolutionNode = FALSE
	EndGlobalSection
	GlobalSection(ExtensibilityGlobals) = postSolution
		SolutionGuid = {591994BD-E201-475D-8F69-81C14E9B3E23}
	EndGlobalSection
EndGlobal
